// !$*UTF8*$!
{
	archiveVersion = 1;
	classes = {
	};
	objectVersion = 55;
	objects = {

/* Begin PBXBuildFile section */
		9F3ECE0E277550BA00253E7C /* AppDelegate.swift in Sources */ = {isa = PBXBuildFile; fileRef = 9F3ECE0D277550BA00253E7C /* AppDelegate.swift */; };
		9F3ECE10277550BA00253E7C /* SceneDelegate.swift in Sources */ = {isa = PBXBuildFile; fileRef = 9F3ECE0F277550BA00253E7C /* SceneDelegate.swift */; };
		9F3ECE12277550BA00253E7C /* ViewController.swift in Sources */ = {isa = PBXBuildFile; fileRef = 9F3ECE11277550BA00253E7C /* ViewController.swift */; };
		9F3ECE15277550BA00253E7C /* Main.storyboard in Resources */ = {isa = PBXBuildFile; fileRef = 9F3ECE13277550BA00253E7C /* Main.storyboard */; };
		9F3ECE17277550BC00253E7C /* Assets.xcassets in Resources */ = {isa = PBXBuildFile; fileRef = 9F3ECE16277550BC00253E7C /* Assets.xcassets */; };
		9F3ECE1A277550BC00253E7C /* LaunchScreen.storyboard in Resources */ = {isa = PBXBuildFile; fileRef = 9F3ECE18277550BC00253E7C /* LaunchScreen.storyboard */; };
		9FD1DABA277A9C2400EADDCE /* Localizable.strings in Resources */ = {isa = PBXBuildFile; fileRef = 9FD1DABC277A9C2400EADDCE /* Localizable.strings */; };
		9FEA012D28D02C55005DCBD2 /* FLImagePicker in Frameworks */ = {isa = PBXBuildFile; productRef = 9FEA012C28D02C55005DCBD2 /* FLImagePicker */; };
/* End PBXBuildFile section */

/* Begin PBXCopyFilesBuildPhase section */
		9F3ECE33277550ED00253E7C /* Embed Frameworks */ = {
			isa = PBXCopyFilesBuildPhase;
			buildActionMask = 2147483647;
			dstPath = "";
			dstSubfolderSpec = 10;
			files = (
			);
			name = "Embed Frameworks";
			runOnlyForDeploymentPostprocessing = 0;
		};
/* End PBXCopyFilesBuildPhase section */

/* Begin PBXFileReference section */
		9F3ECE0A277550BA00253E7C /* FLImagePickerDemo.app */ = {isa = PBXFileReference; explicitFileType = wrapper.application; includeInIndex = 0; path = FLImagePickerDemo.app; sourceTree = BUILT_PRODUCTS_DIR; };
		9F3ECE0D277550BA00253E7C /* AppDelegate.swift */ = {isa = PBXFileReference; lastKnownFileType = sourcecode.swift; path = AppDelegate.swift; sourceTree = "<group>"; };
		9F3ECE0F277550BA00253E7C /* SceneDelegate.swift */ = {isa = PBXFileReference; lastKnownFileType = sourcecode.swift; path = SceneDelegate.swift; sourceTree = "<group>"; };
		9F3ECE11277550BA00253E7C /* ViewController.swift */ = {isa = PBXFileReference; lastKnownFileType = sourcecode.swift; path = ViewController.swift; sourceTree = "<group>"; };
		9F3ECE14277550BA00253E7C /* Base */ = {isa = PBXFileReference; lastKnownFileType = file.storyboard; name = Base; path = Base.lproj/Main.storyboard; sourceTree = "<group>"; };
		9F3ECE16277550BC00253E7C /* Assets.xcassets */ = {isa = PBXFileReference; lastKnownFileType = folder.assetcatalog; path = Assets.xcassets; sourceTree = "<group>"; };
		9F3ECE19277550BC00253E7C /* Base */ = {isa = PBXFileReference; lastKnownFileType = file.storyboard; name = Base; path = Base.lproj/LaunchScreen.storyboard; sourceTree = "<group>"; };
		9F3ECE1B277550BC00253E7C /* Info.plist */ = {isa = PBXFileReference; lastKnownFileType = text.plist.xml; path = Info.plist; sourceTree = "<group>"; };
		9FD1DABB277A9C2400EADDCE /* en */ = {isa = PBXFileReference; lastKnownFileType = text.plist.strings; name = en; path = en.lproj/Localizable.strings; sourceTree = "<group>"; };
		9FD1DABD277A9C5D00EADDCE /* zh-Hant */ = {isa = PBXFileReference; lastKnownFileType = text.plist.strings; name = "zh-Hant"; path = "zh-Hant.lproj/Main.strings"; sourceTree = "<group>"; };
		9FD1DABE277A9C5D00EADDCE /* zh-Hant */ = {isa = PBXFileReference; lastKnownFileType = text.plist.strings; name = "zh-Hant"; path = "zh-Hant.lproj/LaunchScreen.strings"; sourceTree = "<group>"; };
		9FD1DABF277A9C5D00EADDCE /* zh-Hant */ = {isa = PBXFileReference; lastKnownFileType = text.plist.strings; name = "zh-Hant"; path = "zh-Hant.lproj/Localizable.strings"; sourceTree = "<group>"; };
		A86AF42C29FF6B0D0085B999 /* FLImagePicker */ = {isa = PBXFileReference; lastKnownFileType = wrapper; name = FLImagePicker; sourceTree = "<group>"; };
/* End PBXFileReference section */

/* Begin PBXFrameworksBuildPhase section */
		9F3ECE07277550BA00253E7C /* Frameworks */ = {
			isa = PBXFrameworksBuildPhase;
			buildActionMask = 2147483647;
			files = (
				9FEA012D28D02C55005DCBD2 /* FLImagePicker in Frameworks */,
			);
			runOnlyForDeploymentPostprocessing = 0;
		};
/* End PBXFrameworksBuildPhase section */

/* Begin PBXGroup section */
		9F3ECE01277550BA00253E7C = {
			isa = PBXGroup;
			children = (
				9FBC6A732782A358000D748E /* Packages */,
				9F3ECE0C277550BA00253E7C /* FLImagePickerDemo */,
				9F3ECE0B277550BA00253E7C /* Products */,
				9FB74A77277D4BB6003A55E9 /* Frameworks */,
			);
			sourceTree = "<group>";
		};
		9F3ECE0B277550BA00253E7C /* Products */ = {
			isa = PBXGroup;
			children = (
				9F3ECE0A277550BA00253E7C /* FLImagePickerDemo.app */,
			);
			name = Products;
			sourceTree = "<group>";
		};
		9F3ECE0C277550BA00253E7C /* FLImagePickerDemo */ = {
			isa = PBXGroup;
			children = (
				9F3ECE0D277550BA00253E7C /* AppDelegate.swift */,
				9F3ECE0F277550BA00253E7C /* SceneDelegate.swift */,
				9F3ECE11277550BA00253E7C /* ViewController.swift */,
				9F3ECE13277550BA00253E7C /* Main.storyboard */,
				9F3ECE16277550BC00253E7C /* Assets.xcassets */,
				9F3ECE18277550BC00253E7C /* LaunchScreen.storyboard */,
				9F3ECE1B277550BC00253E7C /* Info.plist */,
				9FD1DABC277A9C2400EADDCE /* Localizable.strings */,
			);
			path = FLImagePickerDemo;
			sourceTree = "<group>";
		};
		9FB74A77277D4BB6003A55E9 /* Frameworks */ = {
			isa = PBXGroup;
			children = (
			);
			name = Frameworks;
			sourceTree = "<group>";
		};
		9FBC6A732782A358000D748E /* Packages */ = {
			isa = PBXGroup;
			children = (
				A86AF42C29FF6B0D0085B999 /* FLImagePicker */,
			);
			name = Packages;
			sourceTree = "<group>";
		};
/* End PBXGroup section */

/* Begin PBXNativeTarget section */
		9F3ECE09277550BA00253E7C /* FLImagePickerDemo */ = {
			isa = PBXNativeTarget;
			buildConfigurationList = 9F3ECE1E277550BC00253E7C /* Build configuration list for PBXNativeTarget "FLImagePickerDemo" */;
			buildPhases = (
				9F3ECE06277550BA00253E7C /* Sources */,
				9F3ECE07277550BA00253E7C /* Frameworks */,
				9F3ECE08277550BA00253E7C /* Resources */,
				9F3ECE33277550ED00253E7C /* Embed Frameworks */,
				A84F988E29FF6A8A00E98EDF /* ShellScript */,
			);
			buildRules = (
			);
			dependencies = (
			);
			name = FLImagePickerDemo;
			packageProductDependencies = (
				9FEA012C28D02C55005DCBD2 /* FLImagePicker */,
			);
			productName = FLImagePickerDemo;
			productReference = 9F3ECE0A277550BA00253E7C /* FLImagePickerDemo.app */;
			productType = "com.apple.product-type.application";
		};
/* End PBXNativeTarget section */

/* Begin PBXProject section */
		9F3ECE02277550BA00253E7C /* Project object */ = {
			isa = PBXProject;
			attributes = {
				BuildIndependentTargetsInParallel = 1;
				LastSwiftUpdateCheck = 1320;
				LastUpgradeCheck = 1320;
				TargetAttributes = {
					9F3ECE09277550BA00253E7C = {
						CreatedOnToolsVersion = 13.2.1;
					};
				};
			};
			buildConfigurationList = 9F3ECE05277550BA00253E7C /* Build configuration list for PBXProject "FLImagePickerDemo" */;
			compatibilityVersion = "Xcode 13.0";
			developmentRegion = en;
			hasScannedForEncodings = 0;
			knownRegions = (
				en,
				Base,
				"zh-Hant",
			);
			mainGroup = 9F3ECE01277550BA00253E7C;
			productRefGroup = 9F3ECE0B277550BA00253E7C /* Products */;
			projectDirPath = "";
			projectRoot = "";
			targets = (
				9F3ECE09277550BA00253E7C /* FLImagePickerDemo */,
			);
		};
/* End PBXProject section */

/* Begin PBXResourcesBuildPhase section */
		9F3ECE08277550BA00253E7C /* Resources */ = {
			isa = PBXResourcesBuildPhase;
			buildActionMask = 2147483647;
			files = (
				9F3ECE1A277550BC00253E7C /* LaunchScreen.storyboard in Resources */,
				9FD1DABA277A9C2400EADDCE /* Localizable.strings in Resources */,
				9F3ECE17277550BC00253E7C /* Assets.xcassets in Resources */,
				9F3ECE15277550BA00253E7C /* Main.storyboard in Resources */,
			);
			runOnlyForDeploymentPostprocessing = 0;
		};
/* End PBXResourcesBuildPhase section */

/* Begin PBXShellScriptBuildPhase section */
		A84F988E29FF6A8A00E98EDF /* ShellScript */ = {
			isa = PBXShellScriptBuildPhase;
			buildActionMask = 2147483647;
			files = (
			);
			inputFileListPaths = (
			);
			inputPaths = (
			);
			outputFileListPaths = (
			);
			outputPaths = (
			);
			runOnlyForDeploymentPostprocessing = 0;
			shellPath = /bin/sh;
			shellScript = "if which swiftformat >/dev/null; then\n  swiftformat .\nelse\n  echo \"warning: SwiftFormat not installed, download from https://github.com/nicklockwood/SwiftFormat\"\nfi\n";
		};
/* End PBXShellScriptBuildPhase section */

/* Begin PBXSourcesBuildPhase section */
		9F3ECE06277550BA00253E7C /* Sources */ = {
			isa = PBXSourcesBuildPhase;
			buildActionMask = 2147483647;
			files = (
				9F3ECE12277550BA00253E7C /* ViewController.swift in Sources */,
				9F3ECE0E277550BA00253E7C /* AppDelegate.swift in Sources */,
				9F3ECE10277550BA00253E7C /* SceneDelegate.swift in Sources */,
			);
			runOnlyForDeploymentPostprocessing = 0;
		};
/* End PBXSourcesBuildPhase section */

/* Begin PBXVariantGroup section */
		9F3ECE13277550BA00253E7C /* Main.storyboard */ = {
			isa = PBXVariantGroup;
			children = (
				9F3ECE14277550BA00253E7C /* Base */,
				9FD1DABD277A9C5D00EADDCE /* zh-Hant */,
			);
			name = Main.storyboard;
			sourceTree = "<group>";
		};
		9F3ECE18277550BC00253E7C /* LaunchScreen.storyboard */ = {
			isa = PBXVariantGroup;
			children = (
				9F3ECE19277550BC00253E7C /* Base */,
				9FD1DABE277A9C5D00EADDCE /* zh-Hant */,
			);
			name = LaunchScreen.storyboard;
			sourceTree = "<group>";
		};
		9FD1DABC277A9C2400EADDCE /* Localizable.strings */ = {
			isa = PBXVariantGroup;
			children = (
				9FD1DABB277A9C2400EADDCE /* en */,
				9FD1DABF277A9C5D00EADDCE /* zh-Hant */,
			);
			name = Localizable.strings;
			sourceTree = "<group>";
		};
/* End PBXVariantGroup section */

/* Begin XCBuildConfiguration section */
		9F3ECE1C277550BC00253E7C /* Debug */ = {
			isa = XCBuildConfiguration;
			buildSettings = {
				ALWAYS_SEARCH_USER_PATHS = NO;
				CLANG_ANALYZER_LOCALIZABILITY_NONLOCALIZED = YES;
				CLANG_ANALYZER_NONNULL = YES;
				CLANG_ANALYZER_NUMBER_OBJECT_CONVERSION = YES_AGGRESSIVE;
				CLANG_CXX_LANGUAGE_STANDARD = "gnu++17";
				CLANG_CXX_LIBRARY = "libc++";
				CLANG_ENABLE_MODULES = YES;
				CLANG_ENABLE_OBJC_ARC = YES;
				CLANG_ENABLE_OBJC_WEAK = YES;
				CLANG_WARN_BLOCK_CAPTURE_AUTORELEASING = YES;
				CLANG_WARN_BOOL_CONVERSION = YES;
				CLANG_WARN_COMMA = YES;
				CLANG_WARN_CONSTANT_CONVERSION = YES;
				CLANG_WARN_DEPRECATED_OBJC_IMPLEMENTATIONS = YES;
				CLANG_WARN_DIRECT_OBJC_ISA_USAGE = YES_ERROR;
				CLANG_WARN_DOCUMENTATION_COMMENTS = YES;
				CLANG_WARN_EMPTY_BODY = YES;
				CLANG_WARN_ENUM_CONVERSION = YES;
				CLANG_WARN_INFINITE_RECURSION = YES;
				CLANG_WARN_INT_CONVERSION = YES;
				CLANG_WARN_NON_LITERAL_NULL_CONVERSION = YES;
				CLANG_WARN_OBJC_IMPLICIT_RETAIN_SELF = YES;
				CLANG_WARN_OBJC_LITERAL_CONVERSION = YES;
				CLANG_WARN_OBJC_ROOT_CLASS = YES_ERROR;
				CLANG_WARN_QUOTED_INCLUDE_IN_FRAMEWORK_HEADER = YES;
				CLANG_WARN_RANGE_LOOP_ANALYSIS = YES;
				CLANG_WARN_STRICT_PROTOTYPES = YES;
				CLANG_WARN_SUSPICIOUS_MOVE = YES;
				CLANG_WARN_UNGUARDED_AVAILABILITY = YES_AGGRESSIVE;
				CLANG_WARN_UNREACHABLE_CODE = YES;
				CLANG_WARN__DUPLICATE_METHOD_MATCH = YES;
				COPY_PHASE_STRIP = NO;
				DEBUG_INFORMATION_FORMAT = dwarf;
				ENABLE_STRICT_OBJC_MSGSEND = YES;
				ENABLE_TESTABILITY = YES;
				GCC_C_LANGUAGE_STANDARD = gnu11;
				GCC_DYNAMIC_NO_PIC = NO;
				GCC_NO_COMMON_BLOCKS = YES;
				GCC_OPTIMIZATION_LEVEL = 0;
				GCC_PREPROCESSOR_DEFINITIONS = (
					"DEBUG=1",
					"$(inherited)",
				);
				GCC_WARN_64_TO_32_BIT_CONVERSION = YES;
				GCC_WARN_ABOUT_RETURN_TYPE = YES_ERROR;
				GCC_WARN_UNDECLARED_SELECTOR = YES;
				GCC_WARN_UNINITIALIZED_AUTOS = YES_AGGRESSIVE;
				GCC_WARN_UNUSED_FUNCTION = YES;
				GCC_WARN_UNUSED_VARIABLE = YES;
				IPHONEOS_DEPLOYMENT_TARGET = 15.2;
				MTL_ENABLE_DEBUG_INFO = INCLUDE_SOURCE;
				MTL_FAST_MATH = YES;
				ONLY_ACTIVE_ARCH = YES;
				SDKROOT = iphoneos;
				SWIFT_ACTIVE_COMPILATION_CONDITIONS = DEBUG;
				SWIFT_OPTIMIZATION_LEVEL = "-Onone";
			};
			name = Debug;
		};
		9F3ECE1D277550BC00253E7C /* Release */ = {
			isa = XCBuildConfiguration;
			buildSettings = {
				ALWAYS_SEARCH_USER_PATHS = NO;
				CLANG_ANALYZER_LOCALIZABILITY_NONLOCALIZED = YES;
				CLANG_ANALYZER_NONNULL = YES;
				CLANG_ANALYZER_NUMBER_OBJECT_CONVERSION = YES_AGGRESSIVE;
				CLANG_CXX_LANGUAGE_STANDARD = "gnu++17";
				CLANG_CXX_LIBRARY = "libc++";
				CLANG_ENABLE_MODULES = YES;
				CLANG_ENABLE_OBJC_ARC = YES;
				CLANG_ENABLE_OBJC_WEAK = YES;
				CLANG_WARN_BLOCK_CAPTURE_AUTORELEASING = YES;
				CLANG_WARN_BOOL_CONVERSION = YES;
				CLANG_WARN_COMMA = YES;
				CLANG_WARN_CONSTANT_CONVERSION = YES;
				CLANG_WARN_DEPRECATED_OBJC_IMPLEMENTATIONS = YES;
				CLANG_WARN_DIRECT_OBJC_ISA_USAGE = YES_ERROR;
				CLANG_WARN_DOCUMENTATION_COMMENTS = YES;
				CLANG_WARN_EMPTY_BODY = YES;
				CLANG_WARN_ENUM_CONVERSION = YES;
				CLANG_WARN_INFINITE_RECURSION = YES;
				CLANG_WARN_INT_CONVERSION = YES;
				CLANG_WARN_NON_LITERAL_NULL_CONVERSION = YES;
				CLANG_WARN_OBJC_IMPLICIT_RETAIN_SELF = YES;
				CLANG_WARN_OBJC_LITERAL_CONVERSION = YES;
				CLANG_WARN_OBJC_ROOT_CLASS = YES_ERROR;
				CLANG_WARN_QUOTED_INCLUDE_IN_FRAMEWORK_HEADER = YES;
				CLANG_WARN_RANGE_LOOP_ANALYSIS = YES;
				CLANG_WARN_STRICT_PROTOTYPES = YES;
				CLANG_WARN_SUSPICIOUS_MOVE = YES;
				CLANG_WARN_UNGUARDED_AVAILABILITY = YES_AGGRESSIVE;
				CLANG_WARN_UNREACHABLE_CODE = YES;
				CLANG_WARN__DUPLICATE_METHOD_MATCH = YES;
				COPY_PHASE_STRIP = NO;
				DEBUG_INFORMATION_FORMAT = "dwarf-with-dsym";
				ENABLE_NS_ASSERTIONS = NO;
				ENABLE_STRICT_OBJC_MSGSEND = YES;
				GCC_C_LANGUAGE_STANDARD = gnu11;
				GCC_NO_COMMON_BLOCKS = YES;
				GCC_WARN_64_TO_32_BIT_CONVERSION = YES;
				GCC_WARN_ABOUT_RETURN_TYPE = YES_ERROR;
				GCC_WARN_UNDECLARED_SELECTOR = YES;
				GCC_WARN_UNINITIALIZED_AUTOS = YES_AGGRESSIVE;
				GCC_WARN_UNUSED_FUNCTION = YES;
				GCC_WARN_UNUSED_VARIABLE = YES;
				IPHONEOS_DEPLOYMENT_TARGET = 15.2;
				MTL_ENABLE_DEBUG_INFO = NO;
				MTL_FAST_MATH = YES;
				SDKROOT = iphoneos;
				SWIFT_COMPILATION_MODE = wholemodule;
				SWIFT_OPTIMIZATION_LEVEL = "-O";
				VALIDATE_PRODUCT = YES;
			};
			name = Release;
		};
		9F3ECE1F277550BC00253E7C /* Debug */ = {
			isa = XCBuildConfiguration;
			buildSettings = {
				ASSETCATALOG_COMPILER_APPICON_NAME = AppIcon;
				ASSETCATALOG_COMPILER_GLOBAL_ACCENT_COLOR_NAME = AccentColor;
				CODE_SIGN_STYLE = Automatic;
				CURRENT_PROJECT_VERSION = 1;
				DEVELOPMENT_TEAM = CUT53EQ8B5;
				GENERATE_INFOPLIST_FILE = YES;
				INFOPLIST_FILE = FLImagePickerDemo/Info.plist;
				INFOPLIST_KEY_NSPhotoLibraryUsageDescription = OOOO;
				INFOPLIST_KEY_UIApplicationSupportsIndirectInputEvents = YES;
				INFOPLIST_KEY_UILaunchStoryboardName = LaunchScreen;
				INFOPLIST_KEY_UIMainStoryboardFile = Main;
				INFOPLIST_KEY_UISupportedInterfaceOrientations_iPad = "UIInterfaceOrientationPortrait UIInterfaceOrientationPortraitUpsideDown UIInterfaceOrientationLandscapeLeft UIInterfaceOrientationLandscapeRight";
				INFOPLIST_KEY_UISupportedInterfaceOrientations_iPhone = "UIInterfaceOrientationPortrait UIInterfaceOrientationLandscapeLeft UIInterfaceOrientationLandscapeRight";
				LD_RUNPATH_SEARCH_PATHS = (
					"$(inherited)",
					"@executable_path/Frameworks",
				);
				MARKETING_VERSION = 1.0;
				PRODUCT_BUNDLE_IDENTIFIER = allen870619.FLImagePickerDemo;
				PRODUCT_NAME = "$(TARGET_NAME)";
				SWIFT_EMIT_LOC_STRINGS = YES;
				SWIFT_VERSION = 5.0;
				TARGETED_DEVICE_FAMILY = "1,2";
			};
			name = Debug;
		};
		9F3ECE20277550BC00253E7C /* Release */ = {
			isa = XCBuildConfiguration;
			buildSettings = {
				ASSETCATALOG_COMPILER_APPICON_NAME = AppIcon;
				ASSETCATALOG_COMPILER_GLOBAL_ACCENT_COLOR_NAME = AccentColor;
				CODE_SIGN_STYLE = Automatic;
				CURRENT_PROJECT_VERSION = 1;
				DEVELOPMENT_TEAM = CUT53EQ8B5;
				GENERATE_INFOPLIST_FILE = YES;
				INFOPLIST_FILE = FLImagePickerDemo/Info.plist;
				INFOPLIST_KEY_NSPhotoLibraryUsageDescription = OOOO;
				INFOPLIST_KEY_UIApplicationSupportsIndirectInputEvents = YES;
				INFOPLIST_KEY_UILaunchStoryboardName = LaunchScreen;
				INFOPLIST_KEY_UIMainStoryboardFile = Main;
				INFOPLIST_KEY_UISupportedInterfaceOrientations_iPad = "UIInterfaceOrientationPortrait UIInterfaceOrientationPortraitUpsideDown UIInterfaceOrientationLandscapeLeft UIInterfaceOrientationLandscapeRight";
				INFOPLIST_KEY_UISupportedInterfaceOrientations_iPhone = "UIInterfaceOrientationPortrait UIInterfaceOrientationLandscapeLeft UIInterfaceOrientationLandscapeRight";
				LD_RUNPATH_SEARCH_PATHS = (
					"$(inherited)",
					"@executable_path/Frameworks",
				);
				MARKETING_VERSION = 1.0;
				PRODUCT_BUNDLE_IDENTIFIER = allen870619.FLImagePickerDemo;
				PRODUCT_NAME = "$(TARGET_NAME)";
				SWIFT_EMIT_LOC_STRINGS = YES;
				SWIFT_VERSION = 5.0;
				TARGETED_DEVICE_FAMILY = "1,2";
			};
			name = Release;
		};
/* End XCBuildConfiguration section */

/* Begin XCConfigurationList section */
		9F3ECE05277550BA00253E7C /* Build configuration list for PBXProject "FLImagePickerDemo" */ = {
			isa = XCConfigurationList;
			buildConfigurations = (
				9F3ECE1C277550BC00253E7C /* Debug */,
				9F3ECE1D277550BC00253E7C /* Release */,
			);
			defaultConfigurationIsVisible = 0;
			defaultConfigurationName = Release;
		};
		9F3ECE1E277550BC00253E7C /* Build configuration list for PBXNativeTarget "FLImagePickerDemo" */ = {
			isa = XCConfigurationList;
			buildConfigurations = (
				9F3ECE1F277550BC00253E7C /* Debug */,
				9F3ECE20277550BC00253E7C /* Release */,
			);
			defaultConfigurationIsVisible = 0;
			defaultConfigurationName = Release;
		};
/* End XCConfigurationList section */

/* Begin XCSwiftPackageProductDependency section */
		9FEA012C28D02C55005DCBD2 /* FLImagePicker */ = {
			isa = XCSwiftPackageProductDependency;
			productName = FLImagePicker;
		};
/* End XCSwiftPackageProductDependency section */
	};
	rootObject = 9F3ECE02277550BA00253E7C /* Project object */;
}
